
Microsoft Visual Studio Solution File, Format Version 12.00
# Visual Studio Version 17
VisualStudioVersion = 17.11.35327.3
MinimumVisualStudioVersion = 10.0.40219.1
Project("{FAE04EC0-301F-11D3-BF4B-00C04F79EFBC}") = "01_MainSubjects", "01_MainSubjects\01_MainSubjects.csproj", "{33967775-5FEF-423E-8915-44F9DC055B64}"
EndProject
Project("{FAE04EC0-301F-11D3-BF4B-00C04F79EFBC}") = "02_Variables", "02_Variables\02_Variables.csproj", "{36657B8B-DD3E-4893-B068-F972BC283299}"
EndProject
Global
	GlobalSection(SolutionConfigurationPlatforms) = preSolution
		Debug|Any CPU = Debug|Any CPU
		Release|Any CPU = Release|Any CPU
	EndGlobalSection
	GlobalSection(ProjectConfigurationPlatforms) = postSolution
		{33967775-5FEF-423E-8915-44F9DC055B64}.Debug|Any CPU.ActiveCfg = Debug|Any CPU
		{33967775-5FEF-423E-8915-44F9DC055B64}.Debug|Any CPU.Build.0 = Debug|Any CPU
		{33967775-5FEF-423E-8915-44F9DC055B64}.Release|Any CPU.ActiveCfg = Release|Any CPU
		{33967775-5FEF-423E-8915-44F9DC055B64}.Release|Any CPU.Build.0 = Release|Any CPU
		{36657B8B-DD3E-4893-B068-F972BC283299}.Debug|Any CPU.ActiveCfg = Debug|Any CPU
		{36657B8B-DD3E-4893-B068-F972BC283299}.Debug|Any CPU.Build.0 = Debug|Any CPU
		{36657B8B-DD3E-4893-B068-F972BC283299}.Release|Any CPU.ActiveCfg = Release|Any CPU
		{36657B8B-DD3E-4893-B068-F972BC283299}.Release|Any CPU.Build.0 = Release|Any CPU
	EndGlobalSection
	GlobalSection(SolutionProperties) = preSolution
		HideSolutionNode = FALSE
	EndGlobalSection
	GlobalSection(ExtensibilityGlobals) = postSolution
		SolutionGuid = {D7E4EEDE-B8BF-422E-B7ED-D5B5736A2C8C}
	EndGlobalSection
EndGlobal
